
Microsoft Visual Studio Solution File, Format Version 12.00
# Visual Studio Version 17
VisualStudioVersion = 17.11.35222.181
MinimumVisualStudioVersion = 10.0.40219.1
Project("{2150E333-8FDC-42A3-9474-1A3956D46DE8}") = "Task0", "Task0", "{E67955EE-71A6-4204-BF7E-D2C864F73AF3}"
EndProject
Project("{FAE04EC0-301F-11D3-BF4B-00C04F79EFBC}") = "Tyuiu.GalimovaAS.Sprint3.Task0.V22", "Tyuiu.GalimovaAS.Sprint3.Task0.V22\Tyuiu.GalimovaAS.Sprint3.Task0.V22.csproj", "{E000004C-9B63-4D9F-9F92-13D956E8E390}"
EndProject
Project("{FAE04EC0-301F-11D3-BF4B-00C04F79EFBC}") = "Tyuiu.GalimovaAS.Sprint3.Task0.V22.Lib", "Tyuiu.GalimovaAS.Sprint3.Task0.V22.Lib\Tyuiu.GalimovaAS.Sprint3.Task0.V22.Lib.csproj", "{AFD5568D-05B7-4A63-8C56-27661097C5F8}"
EndProject
Project("{FAE04EC0-301F-11D3-BF4B-00C04F79EFBC}") = "Tyuiu.GalimovaAS.Sprint3.Task0.V22.Test", "Tyuiu.GalimovaAS.Sprint3.Task0.V22.Test\Tyuiu.GalimovaAS.Sprint3.Task0.V22.Test.csproj", "{8ECCCE90-D096-42D5-93BB-4B7BAD1B18DF}"
EndProject
Project("{2150E333-8FDC-42A3-9474-1A3956D46DE8}") = "Task1", "Task1", "{09C4BF21-F8B1-49E7-B2A6-A479F1814973}"
EndProject
Project("{FAE04EC0-301F-11D3-BF4B-00C04F79EFBC}") = "Tyuiu.GalimovaAS.Sprint3.Task1.V9", "Tyuiu.GalimovaAS.Sprint3.Task1.V9\Tyuiu.GalimovaAS.Sprint3.Task1.V9.csproj", "{D8B05D9C-3C64-4BB3-AA04-45A1B0A519B7}"
EndProject
Project("{FAE04EC0-301F-11D3-BF4B-00C04F79EFBC}") = "Tyuiu.GalimovaAS.Sprint3.Task1.V9.Lib", "Tyuiu.GalimovaAS.Sprint3.Task1.V9.Lib\Tyuiu.GalimovaAS.Sprint3.Task1.V9.Lib.csproj", "{985ED941-8D88-4CD2-B159-B47022E2AAC4}"
EndProject
Project("{FAE04EC0-301F-11D3-BF4B-00C04F79EFBC}") = "Tyuiu.GalimovaAS.Sprint3.Task1.V9.Test", "Tyuiu.GalimovaAS.Sprint3.Task1.V9.Test\Tyuiu.GalimovaAS.Sprint3.Task1.V9.Test.csproj", "{D90B3133-194B-4439-A2CA-19C2DF674253}"
EndProject
Global
	GlobalSection(SolutionConfigurationPlatforms) = preSolution
		Debug|Any CPU = Debug|Any CPU
		Release|Any CPU = Release|Any CPU
	EndGlobalSection
	GlobalSection(ProjectConfigurationPlatforms) = postSolution
		{E000004C-9B63-4D9F-9F92-13D956E8E390}.Debug|Any CPU.ActiveCfg = Debug|Any CPU
		{E000004C-9B63-4D9F-9F92-13D956E8E390}.Debug|Any CPU.Build.0 = Debug|Any CPU
		{E000004C-9B63-4D9F-9F92-13D956E8E390}.Release|Any CPU.ActiveCfg = Release|Any CPU
		{E000004C-9B63-4D9F-9F92-13D956E8E390}.Release|Any CPU.Build.0 = Release|Any CPU
		{AFD5568D-05B7-4A63-8C56-27661097C5F8}.Debug|Any CPU.ActiveCfg = Debug|Any CPU
		{AFD5568D-05B7-4A63-8C56-27661097C5F8}.Debug|Any CPU.Build.0 = Debug|Any CPU
		{AFD5568D-05B7-4A63-8C56-27661097C5F8}.Release|Any CPU.ActiveCfg = Release|Any CPU
		{AFD5568D-05B7-4A63-8C56-27661097C5F8}.Release|Any CPU.Build.0 = Release|Any CPU
		{8ECCCE90-D096-42D5-93BB-4B7BAD1B18DF}.Debug|Any CPU.ActiveCfg = Debug|Any CPU
		{8ECCCE90-D096-42D5-93BB-4B7BAD1B18DF}.Debug|Any CPU.Build.0 = Debug|Any CPU
		{8ECCCE90-D096-42D5-93BB-4B7BAD1B18DF}.Release|Any CPU.ActiveCfg = Release|Any CPU
		{8ECCCE90-D096-42D5-93BB-4B7BAD1B18DF}.Release|Any CPU.Build.0 = Release|Any CPU
		{D8B05D9C-3C64-4BB3-AA04-45A1B0A519B7}.Debug|Any CPU.ActiveCfg = Debug|Any CPU
		{D8B05D9C-3C64-4BB3-AA04-45A1B0A519B7}.Debug|Any CPU.Build.0 = Debug|Any CPU
		{D8B05D9C-3C64-4BB3-AA04-45A1B0A519B7}.Release|Any CPU.ActiveCfg = Release|Any CPU
		{D8B05D9C-3C64-4BB3-AA04-45A1B0A519B7}.Release|Any CPU.Build.0 = Release|Any CPU
		{985ED941-8D88-4CD2-B159-B47022E2AAC4}.Debug|Any CPU.ActiveCfg = Debug|Any CPU
		{985ED941-8D88-4CD2-B159-B47022E2AAC4}.Debug|Any CPU.Build.0 = Debug|Any CPU
		{985ED941-8D88-4CD2-B159-B47022E2AAC4}.Release|Any CPU.ActiveCfg = Release|Any CPU
		{985ED941-8D88-4CD2-B159-B47022E2AAC4}.Release|Any CPU.Build.0 = Release|Any CPU
		{D90B3133-194B-4439-A2CA-19C2DF674253}.Debug|Any CPU.ActiveCfg = Debug|Any CPU
		{D90B3133-194B-4439-A2CA-19C2DF674253}.Debug|Any CPU.Build.0 = Debug|Any CPU
		{D90B3133-194B-4439-A2CA-19C2DF674253}.Release|Any CPU.ActiveCfg = Release|Any CPU
		{D90B3133-194B-4439-A2CA-19C2DF674253}.Release|Any CPU.Build.0 = Release|Any CPU
	EndGlobalSection
	GlobalSection(SolutionProperties) = preSolution
		HideSolutionNode = FALSE
	EndGlobalSection
	GlobalSection(NestedProjects) = preSolution
		{E000004C-9B63-4D9F-9F92-13D956E8E390} = {E67955EE-71A6-4204-BF7E-D2C864F73AF3}
		{AFD5568D-05B7-4A63-8C56-27661097C5F8} = {E67955EE-71A6-4204-BF7E-D2C864F73AF3}
		{8ECCCE90-D096-42D5-93BB-4B7BAD1B18DF} = {E67955EE-71A6-4204-BF7E-D2C864F73AF3}
		{D8B05D9C-3C64-4BB3-AA04-45A1B0A519B7} = {09C4BF21-F8B1-49E7-B2A6-A479F1814973}
		{985ED941-8D88-4CD2-B159-B47022E2AAC4} = {09C4BF21-F8B1-49E7-B2A6-A479F1814973}
		{D90B3133-194B-4439-A2CA-19C2DF674253} = {09C4BF21-F8B1-49E7-B2A6-A479F1814973}
	EndGlobalSection
	GlobalSection(ExtensibilityGlobals) = postSolution
		SolutionGuid = {8FA1D639-1041-4268-A12F-5C3D49D73D7B}
	EndGlobalSection
EndGlobal
